
Microsoft Visual Studio Solution File, Format Version 12.00
# Visual Studio Version 17
VisualStudioVersion = 17.10.35122.118
MinimumVisualStudioVersion = 10.0.40219.1
Project("{9A19103F-16F7-4668-BE54-9A1E7A4F7556}") = "Cengaver.WebAPI", "Presentation\Cengaver.WebAPI\Cengaver.WebAPI.csproj", "{210BCC2D-408A-4504-AB53-469EFEB8BCF7}"
EndProject
Project("{2150E333-8FDC-42A3-9474-1A3956D46DE8}") = "Presentation", "Presentation", "{B6A36C11-D190-4FFE-A9A2-C916566F8FCC}"
EndProject
Project("{2150E333-8FDC-42A3-9474-1A3956D46DE8}") = "Infrastructure", "Infrastructure", "{6EBEB03C-69C9-4426-B1AD-E683A411B679}"
EndProject
Project("{2150E333-8FDC-42A3-9474-1A3956D46DE8}") = "Application", "Application", "{06F66F57-F4B5-4F91-874D-AECF823B6B6A}"
EndProject
Project("{2150E333-8FDC-42A3-9474-1A3956D46DE8}") = "Test", "Test", "{95BB8ADE-3881-4D18-AEAF-95C07F5A9D9F}"
EndProject
Project("{9A19103F-16F7-4668-BE54-9A1E7A4F7556}") = "Cengaver.Caching", "Infrastructure\Cengaver.Caching\Cengaver.Caching.csproj", "{2F9B5F82-D820-4781-A7DA-E8200F310AD8}"
EndProject
Project("{9A19103F-16F7-4668-BE54-9A1E7A4F7556}") = "Cengaver.Common", "Infrastructure\Cengaver.Common\Cengaver.Common.csproj", "{BF87E004-ADA9-497E-BF2E-C39960DDF2E5}"
EndProject
Project("{9A19103F-16F7-4668-BE54-9A1E7A4F7556}") = "Cengaver.Domain", "Infrastructure\Cengaver.Domain\Cengaver.Domain.csproj", "{E41532E9-A923-494C-9401-3EEA0A44F238}"
EndProject
Project("{9A19103F-16F7-4668-BE54-9A1E7A4F7556}") = "Cengaver.Infrastructure", "Infrastructure\Cengaver.Infrastructure\Cengaver.Infrastructure.csproj", "{A37E8578-2FE3-4578-BC88-F74CD39F9F28}"
EndProject
Project("{9A19103F-16F7-4668-BE54-9A1E7A4F7556}") = "Cengaver.Middleware", "Infrastructure\Cengaver.Middleware\Cengaver.Middleware.csproj", "{DD5BEB4D-D112-4632-BF5F-8B4B0CA38C52}"
EndProject
Project("{9A19103F-16F7-4668-BE54-9A1E7A4F7556}") = "Cengaver.Dto", "Infrastructure\Cengaver.Dto\Cengaver.Dto.csproj", "{D73DC742-4B02-48E0-842A-FD212B085DD6}"
EndProject
Project("{9A19103F-16F7-4668-BE54-9A1E7A4F7556}") = "Cengaver.Persistence", "Infrastructure\Cengaver.Persistence\Cengaver.Persistence.csproj", "{3EF2F9B0-DEF6-4B21-B218-AF9EBE6186A0}"
EndProject
Project("{9A19103F-16F7-4668-BE54-9A1E7A4F7556}") = "Cengaver.Services", "Infrastructure\Cengaver.Services\Cengaver.Services.csproj", "{1E34BACF-B0A0-4611-874F-9C3927F5DECF}"
EndProject
Project("{9A19103F-16F7-4668-BE54-9A1E7A4F7556}") = "Cengaver.BL", "Application\Cengaver.BL\Cengaver.BL.csproj", "{D1584419-F7EE-4AC0-8271-5039A64CFE12}"
EndProject
Project("{9A19103F-16F7-4668-BE54-9A1E7A4F7556}") = "Cengaver.BL.Abstractions", "Application\Cengaver.BL.Abstractions\Cengaver.BL.Abstractions.csproj", "{36C1BAFC-3CA9-41D3-A19C-2032F9DE0E70}"
EndProject
Project("{2150E333-8FDC-42A3-9474-1A3956D46DE8}") = ".nuget", ".nuget", "{EE5FE11C-29DE-4B9B-A3C5-8D0E66FC02B0}"
EndProject
Project("{9A19103F-16F7-4668-BE54-9A1E7A4F7556}") = "nugetPackages", ".nuget\nugetPackages\nugetPackages.csproj", "{5C38BE75-1D05-4A87-BE75-8FBA42C7FE02}"
EndProject
Project("{FAE04EC0-301F-11D3-BF4B-00C04F79EFBC}") = "UnitTests", "Test\UnitTests\UnitTests.csproj", "{E7074CC6-141B-450B-AEB3-B8DFE23C741C}"
EndProject
Global
	GlobalSection(SolutionConfigurationPlatforms) = preSolution
		Debug|Any CPU = Debug|Any CPU
		Release|Any CPU = Release|Any CPU
	EndGlobalSection
	GlobalSection(ProjectConfigurationPlatforms) = postSolution
		{210BCC2D-408A-4504-AB53-469EFEB8BCF7}.Debug|Any CPU.ActiveCfg = Debug|Any CPU
		{210BCC2D-408A-4504-AB53-469EFEB8BCF7}.Debug|Any CPU.Build.0 = Debug|Any CPU
		{210BCC2D-408A-4504-AB53-469EFEB8BCF7}.Release|Any CPU.ActiveCfg = Release|Any CPU
		{210BCC2D-408A-4504-AB53-469EFEB8BCF7}.Release|Any CPU.Build.0 = Release|Any CPU
		{2F9B5F82-D820-4781-A7DA-E8200F310AD8}.Debug|Any CPU.ActiveCfg = Debug|Any CPU
		{2F9B5F82-D820-4781-A7DA-E8200F310AD8}.Debug|Any CPU.Build.0 = Debug|Any CPU
		{2F9B5F82-D820-4781-A7DA-E8200F310AD8}.Release|Any CPU.ActiveCfg = Release|Any CPU
		{2F9B5F82-D820-4781-A7DA-E8200F310AD8}.Release|Any CPU.Build.0 = Release|Any CPU
		{BF87E004-ADA9-497E-BF2E-C39960DDF2E5}.Debug|Any CPU.ActiveCfg = Debug|Any CPU
		{BF87E004-ADA9-497E-BF2E-C39960DDF2E5}.Debug|Any CPU.Build.0 = Debug|Any CPU
		{BF87E004-ADA9-497E-BF2E-C39960DDF2E5}.Release|Any CPU.ActiveCfg = Release|Any CPU
		{BF87E004-ADA9-497E-BF2E-C39960DDF2E5}.Release|Any CPU.Build.0 = Release|Any CPU
		{E41532E9-A923-494C-9401-3EEA0A44F238}.Debug|Any CPU.ActiveCfg = Debug|Any CPU
		{E41532E9-A923-494C-9401-3EEA0A44F238}.Debug|Any CPU.Build.0 = Debug|Any CPU
		{E41532E9-A923-494C-9401-3EEA0A44F238}.Release|Any CPU.ActiveCfg = Release|Any CPU
		{E41532E9-A923-494C-9401-3EEA0A44F238}.Release|Any CPU.Build.0 = Release|Any CPU
		{A37E8578-2FE3-4578-BC88-F74CD39F9F28}.Debug|Any CPU.ActiveCfg = Debug|Any CPU
		{A37E8578-2FE3-4578-BC88-F74CD39F9F28}.Debug|Any CPU.Build.0 = Debug|Any CPU
		{A37E8578-2FE3-4578-BC88-F74CD39F9F28}.Release|Any CPU.ActiveCfg = Release|Any CPU
		{A37E8578-2FE3-4578-BC88-F74CD39F9F28}.Release|Any CPU.Build.0 = Release|Any CPU
		{DD5BEB4D-D112-4632-BF5F-8B4B0CA38C52}.Debug|Any CPU.ActiveCfg = Debug|Any CPU
		{DD5BEB4D-D112-4632-BF5F-8B4B0CA38C52}.Debug|Any CPU.Build.0 = Debug|Any CPU
		{DD5BEB4D-D112-4632-BF5F-8B4B0CA38C52}.Release|Any CPU.ActiveCfg = Release|Any CPU
		{DD5BEB4D-D112-4632-BF5F-8B4B0CA38C52}.Release|Any CPU.Build.0 = Release|Any CPU
		{D73DC742-4B02-48E0-842A-FD212B085DD6}.Debug|Any CPU.ActiveCfg = Debug|Any CPU
		{D73DC742-4B02-48E0-842A-FD212B085DD6}.Debug|Any CPU.Build.0 = Debug|Any CPU
		{D73DC742-4B02-48E0-842A-FD212B085DD6}.Release|Any CPU.ActiveCfg = Release|Any CPU
		{D73DC742-4B02-48E0-842A-FD212B085DD6}.Release|Any CPU.Build.0 = Release|Any CPU
		{3EF2F9B0-DEF6-4B21-B218-AF9EBE6186A0}.Debug|Any CPU.ActiveCfg = Debug|Any CPU
		{3EF2F9B0-DEF6-4B21-B218-AF9EBE6186A0}.Debug|Any CPU.Build.0 = Debug|Any CPU
		{3EF2F9B0-DEF6-4B21-B218-AF9EBE6186A0}.Release|Any CPU.ActiveCfg = Release|Any CPU
		{3EF2F9B0-DEF6-4B21-B218-AF9EBE6186A0}.Release|Any CPU.Build.0 = Release|Any CPU
		{1E34BACF-B0A0-4611-874F-9C3927F5DECF}.Debug|Any CPU.ActiveCfg = Debug|Any CPU
		{1E34BACF-B0A0-4611-874F-9C3927F5DECF}.Debug|Any CPU.Build.0 = Debug|Any CPU
		{1E34BACF-B0A0-4611-874F-9C3927F5DECF}.Release|Any CPU.ActiveCfg = Release|Any CPU
		{1E34BACF-B0A0-4611-874F-9C3927F5DECF}.Release|Any CPU.Build.0 = Release|Any CPU
		{D1584419-F7EE-4AC0-8271-5039A64CFE12}.Debug|Any CPU.ActiveCfg = Debug|Any CPU
		{D1584419-F7EE-4AC0-8271-5039A64CFE12}.Debug|Any CPU.Build.0 = Debug|Any CPU
		{D1584419-F7EE-4AC0-8271-5039A64CFE12}.Release|Any CPU.ActiveCfg = Release|Any CPU
		{D1584419-F7EE-4AC0-8271-5039A64CFE12}.Release|Any CPU.Build.0 = Release|Any CPU
		{36C1BAFC-3CA9-41D3-A19C-2032F9DE0E70}.Debug|Any CPU.ActiveCfg = Debug|Any CPU
		{36C1BAFC-3CA9-41D3-A19C-2032F9DE0E70}.Debug|Any CPU.Build.0 = Debug|Any CPU
		{36C1BAFC-3CA9-41D3-A19C-2032F9DE0E70}.Release|Any CPU.ActiveCfg = Release|Any CPU
		{36C1BAFC-3CA9-41D3-A19C-2032F9DE0E70}.Release|Any CPU.Build.0 = Release|Any CPU
		{5C38BE75-1D05-4A87-BE75-8FBA42C7FE02}.Debug|Any CPU.ActiveCfg = Debug|Any CPU
		{5C38BE75-1D05-4A87-BE75-8FBA42C7FE02}.Debug|Any CPU.Build.0 = Debug|Any CPU
		{5C38BE75-1D05-4A87-BE75-8FBA42C7FE02}.Release|Any CPU.ActiveCfg = Release|Any CPU
		{5C38BE75-1D05-4A87-BE75-8FBA42C7FE02}.Release|Any CPU.Build.0 = Release|Any CPU
		{E7074CC6-141B-450B-AEB3-B8DFE23C741C}.Debug|Any CPU.ActiveCfg = Debug|Any CPU
		{E7074CC6-141B-450B-AEB3-B8DFE23C741C}.Debug|Any CPU.Build.0 = Debug|Any CPU
		{E7074CC6-141B-450B-AEB3-B8DFE23C741C}.Release|Any CPU.ActiveCfg = Release|Any CPU
		{E7074CC6-141B-450B-AEB3-B8DFE23C741C}.Release|Any CPU.Build.0 = Release|Any CPU
	EndGlobalSection
	GlobalSection(SolutionProperties) = preSolution
		HideSolutionNode = FALSE
	EndGlobalSection
	GlobalSection(NestedProjects) = preSolution
		{210BCC2D-408A-4504-AB53-469EFEB8BCF7} = {B6A36C11-D190-4FFE-A9A2-C916566F8FCC}
		{2F9B5F82-D820-4781-A7DA-E8200F310AD8} = {6EBEB03C-69C9-4426-B1AD-E683A411B679}
		{BF87E004-ADA9-497E-BF2E-C39960DDF2E5} = {6EBEB03C-69C9-4426-B1AD-E683A411B679}
		{E41532E9-A923-494C-9401-3EEA0A44F238} = {6EBEB03C-69C9-4426-B1AD-E683A411B679}
		{A37E8578-2FE3-4578-BC88-F74CD39F9F28} = {6EBEB03C-69C9-4426-B1AD-E683A411B679}
		{DD5BEB4D-D112-4632-BF5F-8B4B0CA38C52} = {6EBEB03C-69C9-4426-B1AD-E683A411B679}
		{D73DC742-4B02-48E0-842A-FD212B085DD6} = {6EBEB03C-69C9-4426-B1AD-E683A411B679}
		{3EF2F9B0-DEF6-4B21-B218-AF9EBE6186A0} = {6EBEB03C-69C9-4426-B1AD-E683A411B679}
		{1E34BACF-B0A0-4611-874F-9C3927F5DECF} = {6EBEB03C-69C9-4426-B1AD-E683A411B679}
		{D1584419-F7EE-4AC0-8271-5039A64CFE12} = {06F66F57-F4B5-4F91-874D-AECF823B6B6A}
		{36C1BAFC-3CA9-41D3-A19C-2032F9DE0E70} = {06F66F57-F4B5-4F91-874D-AECF823B6B6A}
		{5C38BE75-1D05-4A87-BE75-8FBA42C7FE02} = {EE5FE11C-29DE-4B9B-A3C5-8D0E66FC02B0}
		{E7074CC6-141B-450B-AEB3-B8DFE23C741C} = {95BB8ADE-3881-4D18-AEAF-95C07F5A9D9F}
	EndGlobalSection
	GlobalSection(ExtensibilityGlobals) = postSolution
		SolutionGuid = {CBD6CEB9-0B26-4BFC-A03A-BB691D33AB57}
	EndGlobalSection
EndGlobal
